
Microsoft Visual Studio Solution File, Format Version 12.00
# Visual Studio Version 17
VisualStudioVersion = 17.7.34202.233
MinimumVisualStudioVersion = 10.0.40219.1
Project("{FAE04EC0-301F-11D3-BF4B-00C04F79EFBC}") = "Soma de 1 a 1000", "Soma de 1 a 1000\Soma de 1 a 1000.csproj", "{FD1A9AEE-8C24-4543-8FF5-3F92EEBD9656}"
EndProject
Global
	GlobalSection(SolutionConfigurationPlatforms) = preSolution
		Debug|Any CPU = Debug|Any CPU
		Release|Any CPU = Release|Any CPU
	EndGlobalSection
	GlobalSection(ProjectConfigurationPlatforms) = postSolution
		{FD1A9AEE-8C24-4543-8FF5-3F92EEBD9656}.Debug|Any CPU.ActiveCfg = Debug|Any CPU
		{FD1A9AEE-8C24-4543-8FF5-3F92EEBD9656}.Debug|Any CPU.Build.0 = Debug|Any CPU
		{FD1A9AEE-8C24-4543-8FF5-3F92EEBD9656}.Release|Any CPU.ActiveCfg = Release|Any CPU
		{FD1A9AEE-8C24-4543-8FF5-3F92EEBD9656}.Release|Any CPU.Build.0 = Release|Any CPU
	EndGlobalSection
	GlobalSection(SolutionProperties) = preSolution
		HideSolutionNode = FALSE
	EndGlobalSection
	GlobalSection(ExtensibilityGlobals) = postSolution
		SolutionGuid = {FCFB0FCC-D79F-4910-9D95-A097458DFCDB}
	EndGlobalSection
EndGlobal
